// !$*UTF8*$!
{
	archiveVersion = 1;
	classes = {
	};
	objectVersion = 55;
	objects = {

/* Begin PBXBuildFile section */
		3D020A813D00718574504E41 /* Pods_AlamofireRequest.framework in Frameworks */ = {isa = PBXBuildFile; fileRef = 438C607672BCCA10D88AFE3D /* Pods_AlamofireRequest.framework */; };
		FAA9257B27D3F20B00B70007 /* AppDelegate.swift in Sources */ = {isa = PBXBuildFile; fileRef = FAA9257A27D3F20B00B70007 /* AppDelegate.swift */; };
		FAA9257D27D3F20B00B70007 /* SceneDelegate.swift in Sources */ = {isa = PBXBuildFile; fileRef = FAA9257C27D3F20B00B70007 /* SceneDelegate.swift */; };
		FAA9257F27D3F20B00B70007 /* ViewController.swift in Sources */ = {isa = PBXBuildFile; fileRef = FAA9257E27D3F20B00B70007 /* ViewController.swift */; };
		FAA9258227D3F20B00B70007 /* Main.storyboard in Resources */ = {isa = PBXBuildFile; fileRef = FAA9258027D3F20B00B70007 /* Main.storyboard */; };
		FAA9258427D3F20C00B70007 /* Assets.xcassets in Resources */ = {isa = PBXBuildFile; fileRef = FAA9258327D3F20C00B70007 /* Assets.xcassets */; };
		FAA9258727D3F20C00B70007 /* LaunchScreen.storyboard in Resources */ = {isa = PBXBuildFile; fileRef = FAA9258527D3F20C00B70007 /* LaunchScreen.storyboard */; };
/* End PBXBuildFile section */

/* Begin PBXFileReference section */
		0F29AFF1051D04853E885C14 /* Pods-AlamofireRequest.debug.xcconfig */ = {isa = PBXFileReference; includeInIndex = 1; lastKnownFileType = text.xcconfig; name = "Pods-AlamofireRequest.debug.xcconfig"; path = "Target Support Files/Pods-AlamofireRequest/Pods-AlamofireRequest.debug.xcconfig"; sourceTree = "<group>"; };
		40786D90BE9F908D291C44C9 /* Pods-AlamofireRequest.release.xcconfig */ = {isa = PBXFileReference; includeInIndex = 1; lastKnownFileType = text.xcconfig; name = "Pods-AlamofireRequest.release.xcconfig"; path = "Target Support Files/Pods-AlamofireRequest/Pods-AlamofireRequest.release.xcconfig"; sourceTree = "<group>"; };
		438C607672BCCA10D88AFE3D /* Pods_AlamofireRequest.framework */ = {isa = PBXFileReference; explicitFileType = wrapper.framework; includeInIndex = 0; path = Pods_AlamofireRequest.framework; sourceTree = BUILT_PRODUCTS_DIR; };
		FAA9257727D3F20B00B70007 /* AlamofireRequest.app */ = {isa = PBXFileReference; explicitFileType = wrapper.application; includeInIndex = 0; path = AlamofireRequest.app; sourceTree = BUILT_PRODUCTS_DIR; };
		FAA9257A27D3F20B00B70007 /* AppDelegate.swift */ = {isa = PBXFileReference; lastKnownFileType = sourcecode.swift; path = AppDelegate.swift; sourceTree = "<group>"; };
		FAA9257C27D3F20B00B70007 /* SceneDelegate.swift */ = {isa = PBXFileReference; lastKnownFileType = sourcecode.swift; path = SceneDelegate.swift; sourceTree = "<group>"; };
		FAA9257E27D3F20B00B70007 /* ViewController.swift */ = {isa = PBXFileReference; lastKnownFileType = sourcecode.swift; path = ViewController.swift; sourceTree = "<group>"; };
		FAA9258127D3F20B00B70007 /* Base */ = {isa = PBXFileReference; lastKnownFileType = file.storyboard; name = Base; path = Base.lproj/Main.storyboard; sourceTree = "<group>"; };
		FAA9258327D3F20C00B70007 /* Assets.xcassets */ = {isa = PBXFileReference; lastKnownFileType = folder.assetcatalog; path = Assets.xcassets; sourceTree = "<group>"; };
		FAA9258627D3F20C00B70007 /* Base */ = {isa = PBXFileReference; lastKnownFileType = file.storyboard; name = Base; path = Base.lproj/LaunchScreen.storyboard; sourceTree = "<group>"; };
		FAA9258827D3F20C00B70007 /* Info.plist */ = {isa = PBXFileReference; lastKnownFileType = text.plist.xml; path = Info.plist; sourceTree = "<group>"; };
/* End PBXFileReference section */

/* Begin PBXFrameworksBuildPhase section */
		FAA9257427D3F20B00B70007 /* Frameworks */ = {
			isa = PBXFrameworksBuildPhase;
			buildActionMask = 2147483647;
			files = (
				3D020A813D00718574504E41 /* Pods_AlamofireRequest.framework in Frameworks */,
			);
			runOnlyForDeploymentPostprocessing = 0;
		};
/* End PBXFrameworksBuildPhase section */

/* Begin PBXGroup section */
		913358217A53C1FCD508D760 /* Pods */ = {
			isa = PBXGroup;
			children = (
				0F29AFF1051D04853E885C14 /* Pods-AlamofireRequest.debug.xcconfig */,
				40786D90BE9F908D291C44C9 /* Pods-AlamofireRequest.release.xcconfig */,
			);
			name = Pods;
			path = Pods;
			sourceTree = "<group>";
		};
		E10B0155BE9CAA18DA3F51D8 /* Frameworks */ = {
			isa = PBXGroup;
			children = (
				438C607672BCCA10D88AFE3D /* Pods_AlamofireRequest.framework */,
			);
			name = Frameworks;
			sourceTree = "<group>";
		};
		FAA9256E27D3F20B00B70007 = {
			isa = PBXGroup;
			children = (
				FAA9257927D3F20B00B70007 /* AlamofireRequest */,
				FAA9257827D3F20B00B70007 /* Products */,
				913358217A53C1FCD508D760 /* Pods */,
				E10B0155BE9CAA18DA3F51D8 /* Frameworks */,
			);
			sourceTree = "<group>";
		};
		FAA9257827D3F20B00B70007 /* Products */ = {
			isa = PBXGroup;
			children = (
				FAA9257727D3F20B00B70007 /* AlamofireRequest.app */,
			);
			name = Products;
			sourceTree = "<group>";
		};
		FAA9257927D3F20B00B70007 /* AlamofireRequest */ = {
			isa = PBXGroup;
			children = (
				FAA9257A27D3F20B00B70007 /* AppDelegate.swift */,
				FAA9257C27D3F20B00B70007 /* SceneDelegate.swift */,
				FAA9257E27D3F20B00B70007 /* ViewController.swift */,
				FAA9258027D3F20B00B70007 /* Main.storyboard */,
				FAA9258327D3F20C00B70007 /* Assets.xcassets */,
				FAA9258527D3F20C00B70007 /* LaunchScreen.storyboard */,
				FAA9258827D3F20C00B70007 /* Info.plist */,
			);
			path = AlamofireRequest;
			sourceTree = "<group>";
		};
/* End PBXGroup section */

/* Begin PBXNativeTarget section */
		FAA9257627D3F20B00B70007 /* AlamofireRequest */ = {
			isa = PBXNativeTarget;
			buildConfigurationList = FAA9258B27D3F20C00B70007 /* Build configuration list for PBXNativeTarget "AlamofireRequest" */;
			buildPhases = (
				4F36CFA815FD3CECEC582E2F /* [CP] Check Pods Manifest.lock */,
				FAA9257327D3F20B00B70007 /* Sources */,
				FAA9257427D3F20B00B70007 /* Frameworks */,
				FAA9257527D3F20B00B70007 /* Resources */,
				CADC6E0B2B9333ABE6AE7948 /* [CP] Embed Pods Frameworks */,
			);
			buildRules = (
			);
			dependencies = (
			);
			name = AlamofireRequest;
			productName = AlamofireRequest;
			productReference = FAA9257727D3F20B00B70007 /* AlamofireRequest.app */;
			productType = "com.apple.product-type.application";
		};
/* End PBXNativeTarget section */

/* Begin PBXProject section */
		FAA9256F27D3F20B00B70007 /* Project object */ = {
			isa = PBXProject;
			attributes = {
				BuildIndependentTargetsInParallel = 1;
				LastSwiftUpdateCheck = 1320;
				LastUpgradeCheck = 1320;
				TargetAttributes = {
					FAA9257627D3F20B00B70007 = {
						CreatedOnToolsVersion = 13.2.1;
					};
				};
			};
			buildConfigurationList = FAA9257227D3F20B00B70007 /* Build configuration list for PBXProject "AlamofireRequest" */;
			compatibilityVersion = "Xcode 13.0";
			developmentRegion = en;
			hasScannedForEncodings = 0;
			knownRegions = (
				en,
				Base,
			);
			mainGroup = FAA9256E27D3F20B00B70007;
			productRefGroup = FAA9257827D3F20B00B70007 /* Products */;
			projectDirPath = "";
			projectRoot = "";
			targets = (
				FAA9257627D3F20B00B70007 /* AlamofireRequest */,
			);
		};
/* End PBXProject section */

/* Begin PBXResourcesBuildPhase section */
		FAA9257527D3F20B00B70007 /* Resources */ = {
			isa = PBXResourcesBuildPhase;
			buildActionMask = 2147483647;
			files = (
				FAA9258727D3F20C00B70007 /* LaunchScreen.storyboard in Resources */,
				FAA9258427D3F20C00B70007 /* Assets.xcassets in Resources */,
				FAA9258227D3F20B00B70007 /* Main.storyboard in Resources */,
			);
			runOnlyForDeploymentPostprocessing = 0;
		};
/* End PBXResourcesBuildPhase section */

/* Begin PBXShellScriptBuildPhase section */
		4F36CFA815FD3CECEC582E2F /* [CP] Check Pods Manifest.lock */ = {
			isa = PBXShellScriptBuildPhase;
			buildActionMask = 2147483647;
			files = (
			);
			inputFileListPaths = (
			);
			inputPaths = (
				"${PODS_PODFILE_DIR_PATH}/Podfile.lock",
				"${PODS_ROOT}/Manifest.lock",
			);
			name = "[CP] Check Pods Manifest.lock";
			outputFileListPaths = (
			);
			outputPaths = (
				"$(DERIVED_FILE_DIR)/Pods-AlamofireRequest-checkManifestLockResult.txt",
			);
			runOnlyForDeploymentPostprocessing = 0;
			shellPath = /bin/sh;
			shellScript = "diff \"${PODS_PODFILE_DIR_PATH}/Podfile.lock\" \"${PODS_ROOT}/Manifest.lock\" > /dev/null\nif [ $? != 0 ] ; then\n    # print error to STDERR\n    echo \"error: The sandbox is not in sync with the Podfile.lock. Run 'pod install' or update your CocoaPods installation.\" >&2\n    exit 1\nfi\n# This output is used by Xcode 'outputs' to avoid re-running this script phase.\necho \"SUCCESS\" > \"${SCRIPT_OUTPUT_FILE_0}\"\n";
			showEnvVarsInLog = 0;
		};
		CADC6E0B2B9333ABE6AE7948 /* [CP] Embed Pods Frameworks */ = {
			isa = PBXShellScriptBuildPhase;
			buildActionMask = 2147483647;
			files = (
			);
			inputFileListPaths = (
				"${PODS_ROOT}/Target Support Files/Pods-AlamofireRequest/Pods-AlamofireRequest-frameworks-${CONFIGURATION}-input-files.xcfilelist",
			);
			name = "[CP] Embed Pods Frameworks";
			outputFileListPaths = (
				"${PODS_ROOT}/Target Support Files/Pods-AlamofireRequest/Pods-AlamofireRequest-frameworks-${CONFIGURATION}-output-files.xcfilelist",
			);
			runOnlyForDeploymentPostprocessing = 0;
			shellPath = /bin/sh;
			shellScript = "\"${PODS_ROOT}/Target Support Files/Pods-AlamofireRequest/Pods-AlamofireRequest-frameworks.sh\"\n";
			showEnvVarsInLog = 0;
		};
/* End PBXShellScriptBuildPhase section */

/* Begin PBXSourcesBuildPhase section */
		FAA9257327D3F20B00B70007 /* Sources */ = {
			isa = PBXSourcesBuildPhase;
			buildActionMask = 2147483647;
			files = (
				FAA9257F27D3F20B00B70007 /* ViewController.swift in Sources */,
				FAA9257B27D3F20B00B70007 /* AppDelegate.swift in Sources */,
				FAA9257D27D3F20B00B70007 /* SceneDelegate.swift in Sources */,
			);
			runOnlyForDeploymentPostprocessing = 0;
		};
/* End PBXSourcesBuildPhase section */

/* Begin PBXVariantGroup section */
		FAA9258027D3F20B00B70007 /* Main.storyboard */ = {
			isa = PBXVariantGroup;
			children = (
				FAA9258127D3F20B00B70007 /* Base */,
			);
			name = Main.storyboard;
			sourceTree = "<group>";
		};
		FAA9258527D3F20C00B70007 /* LaunchScreen.storyboard */ = {
			isa = PBXVariantGroup;
			children = (
				FAA9258627D3F20C00B70007 /* Base */,
			);
			name = LaunchScreen.storyboard;
			sourceTree = "<group>";
		};
/* End PBXVariantGroup section */

/* Begin XCBuildConfiguration section */
		FAA9258927D3F20C00B70007 /* Debug */ = {
			isa = XCBuildConfiguration;
			buildSettings = {
				ALWAYS_SEARCH_USER_PATHS = NO;
				CLANG_ANALYZER_NONNULL = YES;
				CLANG_ANALYZER_NUMBER_OBJECT_CONVERSION = YES_AGGRESSIVE;
				CLANG_CXX_LANGUAGE_STANDARD = "gnu++17";
				CLANG_CXX_LIBRARY = "libc++";
				CLANG_ENABLE_MODULES = YES;
				CLANG_ENABLE_OBJC_ARC = YES;
				CLANG_ENABLE_OBJC_WEAK = YES;
				CLANG_WARN_BLOCK_CAPTURE_AUTORELEASING = YES;
				CLANG_WARN_BOOL_CONVERSION = YES;
				CLANG_WARN_COMMA = YES;
				CLANG_WARN_CONSTANT_CONVERSION = YES;
				CLANG_WARN_DEPRECATED_OBJC_IMPLEMENTATIONS = YES;
				CLANG_WARN_DIRECT_OBJC_ISA_USAGE = YES_ERROR;
				CLANG_WARN_DOCUMENTATION_COMMENTS = YES;
				CLANG_WARN_EMPTY_BODY = YES;
				CLANG_WARN_ENUM_CONVERSION = YES;
				CLANG_WARN_INFINITE_RECURSION = YES;
				CLANG_WARN_INT_CONVERSION = YES;
				CLANG_WARN_NON_LITERAL_NULL_CONVERSION = YES;
				CLANG_WARN_OBJC_IMPLICIT_RETAIN_SELF = YES;
				CLANG_WARN_OBJC_LITERAL_CONVERSION = YES;
				CLANG_WARN_OBJC_ROOT_CLASS = YES_ERROR;
				CLANG_WARN_QUOTED_INCLUDE_IN_FRAMEWORK_HEADER = YES;
				CLANG_WARN_RANGE_LOOP_ANALYSIS = YES;
				CLANG_WARN_STRICT_PROTOTYPES = YES;
				CLANG_WARN_SUSPICIOUS_MOVE = YES;
				CLANG_WARN_UNGUARDED_AVAILABILITY = YES_AGGRESSIVE;
				CLANG_WARN_UNREACHABLE_CODE = YES;
				CLANG_WARN__DUPLICATE_METHOD_MATCH = YES;
				COPY_PHASE_STRIP = NO;
				DEBUG_INFORMATION_FORMAT = dwarf;
				ENABLE_STRICT_OBJC_MSGSEND = YES;
				ENABLE_TESTABILITY = YES;
				GCC_C_LANGUAGE_STANDARD = gnu11;
				GCC_DYNAMIC_NO_PIC = NO;
				GCC_NO_COMMON_BLOCKS = YES;
				GCC_OPTIMIZATION_LEVEL = 0;
				GCC_PREPROCESSOR_DEFINITIONS = (
					"DEBUG=1",
					"$(inherited)",
				);
				GCC_WARN_64_TO_32_BIT_CONVERSION = YES;
				GCC_WARN_ABOUT_RETURN_TYPE = YES_ERROR;
				GCC_WARN_UNDECLARED_SELECTOR = YES;
				GCC_WARN_UNINITIALIZED_AUTOS = YES_AGGRESSIVE;
				GCC_WARN_UNUSED_FUNCTION = YES;
				GCC_WARN_UNUSED_VARIABLE = YES;
				IPHONEOS_DEPLOYMENT_TARGET = 15.2;
				MTL_ENABLE_DEBUG_INFO = INCLUDE_SOURCE;
				MTL_FAST_MATH = YES;
				ONLY_ACTIVE_ARCH = YES;
				SDKROOT = iphoneos;
				SWIFT_ACTIVE_COMPILATION_CONDITIONS = DEBUG;
				SWIFT_OPTIMIZATION_LEVEL = "-Onone";
			};
			name = Debug;
		};
		FAA9258A27D3F20C00B70007 /* Release */ = {
			isa = XCBuildConfiguration;
			buildSettings = {
				ALWAYS_SEARCH_USER_PATHS = NO;
				CLANG_ANALYZER_NONNULL = YES;
				CLANG_ANALYZER_NUMBER_OBJECT_CONVERSION = YES_AGGRESSIVE;
				CLANG_CXX_LANGUAGE_STANDARD = "gnu++17";
				CLANG_CXX_LIBRARY = "libc++";
				CLANG_ENABLE_MODULES = YES;
				CLANG_ENABLE_OBJC_ARC = YES;
				CLANG_ENABLE_OBJC_WEAK = YES;
				CLANG_WARN_BLOCK_CAPTURE_AUTORELEASING = YES;
				CLANG_WARN_BOOL_CONVERSION = YES;
				CLANG_WARN_COMMA = YES;
				CLANG_WARN_CONSTANT_CONVERSION = YES;
				CLANG_WARN_DEPRECATED_OBJC_IMPLEMENTATIONS = YES;
				CLANG_WARN_DIRECT_OBJC_ISA_USAGE = YES_ERROR;
				CLANG_WARN_DOCUMENTATION_COMMENTS = YES;
				CLANG_WARN_EMPTY_BODY = YES;
				CLANG_WARN_ENUM_CONVERSION = YES;
				CLANG_WARN_INFINITE_RECURSION = YES;
				CLANG_WARN_INT_CONVERSION = YES;
				CLANG_WARN_NON_LITERAL_NULL_CONVERSION = YES;
				CLANG_WARN_OBJC_IMPLICIT_RETAIN_SELF = YES;
				CLANG_WARN_OBJC_LITERAL_CONVERSION = YES;
				CLANG_WARN_OBJC_ROOT_CLASS = YES_ERROR;
				CLANG_WARN_QUOTED_INCLUDE_IN_FRAMEWORK_HEADER = YES;
				CLANG_WARN_RANGE_LOOP_ANALYSIS = YES;
				CLANG_WARN_STRICT_PROTOTYPES = YES;
				CLANG_WARN_SUSPICIOUS_MOVE = YES;
				CLANG_WARN_UNGUARDED_AVAILABILITY = YES_AGGRESSIVE;
				CLANG_WARN_UNREACHABLE_CODE = YES;
				CLANG_WARN__DUPLICATE_METHOD_MATCH = YES;
				COPY_PHASE_STRIP = NO;
				DEBUG_INFORMATION_FORMAT = "dwarf-with-dsym";
				ENABLE_NS_ASSERTIONS = NO;
				ENABLE_STRICT_OBJC_MSGSEND = YES;
				GCC_C_LANGUAGE_STANDARD = gnu11;
				GCC_NO_COMMON_BLOCKS = YES;
				GCC_WARN_64_TO_32_BIT_CONVERSION = YES;
				GCC_WARN_ABOUT_RETURN_TYPE = YES_ERROR;
				GCC_WARN_UNDECLARED_SELECTOR = YES;
				GCC_WARN_UNINITIALIZED_AUTOS = YES_AGGRESSIVE;
				GCC_WARN_UNUSED_FUNCTION = YES;
				GCC_WARN_UNUSED_VARIABLE = YES;
				IPHONEOS_DEPLOYMENT_TARGET = 15.2;
				MTL_ENABLE_DEBUG_INFO = NO;
				MTL_FAST_MATH = YES;
				SDKROOT = iphoneos;
				SWIFT_COMPILATION_MODE = wholemodule;
				SWIFT_OPTIMIZATION_LEVEL = "-O";
				VALIDATE_PRODUCT = YES;
			};
			name = Release;
		};
		FAA9258C27D3F20C00B70007 /* Debug */ = {
			isa = XCBuildConfiguration;
			baseConfigurationReference = 0F29AFF1051D04853E885C14 /* Pods-AlamofireRequest.debug.xcconfig */;
			buildSettings = {
				ASSETCATALOG_COMPILER_APPICON_NAME = AppIcon;
				ASSETCATALOG_COMPILER_GLOBAL_ACCENT_COLOR_NAME = AccentColor;
				CODE_SIGN_STYLE = Automatic;
				CURRENT_PROJECT_VERSION = 1;
				DEVELOPMENT_TEAM = 842TDBHB38;
				GENERATE_INFOPLIST_FILE = YES;
				INFOPLIST_FILE = AlamofireRequest/Info.plist;
				INFOPLIST_KEY_UIApplicationSupportsIndirectInputEvents = YES;
				INFOPLIST_KEY_UILaunchStoryboardName = LaunchScreen;
				INFOPLIST_KEY_UIMainStoryboardFile = Main;
				INFOPLIST_KEY_UISupportedInterfaceOrientations_iPad = "UIInterfaceOrientationPortrait UIInterfaceOrientationPortraitUpsideDown UIInterfaceOrientationLandscapeLeft UIInterfaceOrientationLandscapeRight";
				INFOPLIST_KEY_UISupportedInterfaceOrientations_iPhone = "UIInterfaceOrientationPortrait UIInterfaceOrientationLandscapeLeft UIInterfaceOrientationLandscapeRight";
				LD_RUNPATH_SEARCH_PATHS = (
					"$(inherited)",
					"@executable_path/Frameworks",
				);
				MARKETING_VERSION = 1.0;
				PRODUCT_BUNDLE_IDENTIFIER = com.Duxxless.AlamofireRequest;
				PRODUCT_NAME = "$(TARGET_NAME)";
				SWIFT_EMIT_LOC_STRINGS = YES;
				SWIFT_VERSION = 5.0;
				TARGETED_DEVICE_FAMILY = "1,2";
			};
			name = Debug;
		};
		FAA9258D27D3F20C00B70007 /* Release */ = {
			isa = XCBuildConfiguration;
			baseConfigurationReference = 40786D90BE9F908D291C44C9 /* Pods-AlamofireRequest.release.xcconfig */;
			buildSettings = {
				ASSETCATALOG_COMPILER_APPICON_NAME = AppIcon;
				ASSETCATALOG_COMPILER_GLOBAL_ACCENT_COLOR_NAME = AccentColor;
				CODE_SIGN_STYLE = Automatic;
				CURRENT_PROJECT_VERSION = 1;
				DEVELOPMENT_TEAM = 842TDBHB38;
				GENERATE_INFOPLIST_FILE = YES;
				INFOPLIST_FILE = AlamofireRequest/Info.plist;
				INFOPLIST_KEY_UIApplicationSupportsIndirectInputEvents = YES;
				INFOPLIST_KEY_UILaunchStoryboardName = LaunchScreen;
				INFOPLIST_KEY_UIMainStoryboardFile = Main;
				INFOPLIST_KEY_UISupportedInterfaceOrientations_iPad = "UIInterfaceOrientationPortrait UIInterfaceOrientationPortraitUpsideDown UIInterfaceOrientationLandscapeLeft UIInterfaceOrientationLandscapeRight";
				INFOPLIST_KEY_UISupportedInterfaceOrientations_iPhone = "UIInterfaceOrientationPortrait UIInterfaceOrientationLandscapeLeft UIInterfaceOrientationLandscapeRight";
				LD_RUNPATH_SEARCH_PATHS = (
					"$(inherited)",
					"@executable_path/Frameworks",
				);
				MARKETING_VERSION = 1.0;
				PRODUCT_BUNDLE_IDENTIFIER = com.Duxxless.AlamofireRequest;
				PRODUCT_NAME = "$(TARGET_NAME)";
				SWIFT_EMIT_LOC_STRINGS = YES;
				SWIFT_VERSION = 5.0;
				TARGETED_DEVICE_FAMILY = "1,2";
			};
			name = Release;
		};
/* End XCBuildConfiguration section */

/* Begin XCConfigurationList section */
		FAA9257227D3F20B00B70007 /* Build configuration list for PBXProject "AlamofireRequest" */ = {
			isa = XCConfigurationList;
			buildConfigurations = (
				FAA9258927D3F20C00B70007 /* Debug */,
				FAA9258A27D3F20C00B70007 /* Release */,
			);
			defaultConfigurationIsVisible = 0;
			defaultConfigurationName = Release;
		};
		FAA9258B27D3F20C00B70007 /* Build configuration list for PBXNativeTarget "AlamofireRequest" */ = {
			isa = XCConfigurationList;
			buildConfigurations = (
				FAA9258C27D3F20C00B70007 /* Debug */,
				FAA9258D27D3F20C00B70007 /* Release */,
			);
			defaultConfigurationIsVisible = 0;
			defaultConfigurationName = Release;
		};
/* End XCConfigurationList section */
	};
	rootObject = FAA9256F27D3F20B00B70007 /* Project object */;
}
